
Microsoft Visual Studio Solution File, Format Version 12.00
# Visual Studio Version 17
VisualStudioVersion = 17.7.34024.191
MinimumVisualStudioVersion = 10.0.40219.1
Project("{9A19103F-16F7-4668-BE54-9A1E7A4F7556}") = "RabbitMQ.Publisher", "RabbitMQ.Publisher\RabbitMQ.Publisher.csproj", "{F6EFFDB1-77F0-4CEE-AF46-16396E12E215}"
EndProject
Project("{9A19103F-16F7-4668-BE54-9A1E7A4F7556}") = "RabbitMQ.Subscriber", "RabbitMQ.Subscriber\RabbitMQ.Subscriber.csproj", "{B241AB4D-1620-4B05-9ABA-DD0A2D897D1B}"
EndProject
Project("{2150E333-8FDC-42A3-9474-1A3956D46DE8}") = "Solution Items", "Solution Items", "{3EC4CBC0-49EE-4B87-9B7C-B5885CFD56D8}"
	ProjectSection(SolutionItems) = preProject
		DirektExchangeDetails.txt = DirektExchangeDetails.txt
		FanoutExchangeDetails.txt = FanoutExchangeDetails.txt
		TopicExchangeDetails.txt = TopicExchangeDetails.txt
	EndProjectSection
EndProject
Project("{FAE04EC0-301F-11D3-BF4B-00C04F79EFBC}") = "Shared", "Shared\Shared.csproj", "{0B1AD416-EB2D-4212-AA43-2AB1774634E8}"
EndProject
Global
	GlobalSection(SolutionConfigurationPlatforms) = preSolution
		Debug|Any CPU = Debug|Any CPU
		Release|Any CPU = Release|Any CPU
	EndGlobalSection
	GlobalSection(ProjectConfigurationPlatforms) = postSolution
		{F6EFFDB1-77F0-4CEE-AF46-16396E12E215}.Debug|Any CPU.ActiveCfg = Debug|Any CPU
		{F6EFFDB1-77F0-4CEE-AF46-16396E12E215}.Debug|Any CPU.Build.0 = Debug|Any CPU
		{F6EFFDB1-77F0-4CEE-AF46-16396E12E215}.Release|Any CPU.ActiveCfg = Release|Any CPU
		{F6EFFDB1-77F0-4CEE-AF46-16396E12E215}.Release|Any CPU.Build.0 = Release|Any CPU
		{B241AB4D-1620-4B05-9ABA-DD0A2D897D1B}.Debug|Any CPU.ActiveCfg = Debug|Any CPU
		{B241AB4D-1620-4B05-9ABA-DD0A2D897D1B}.Debug|Any CPU.Build.0 = Debug|Any CPU
		{B241AB4D-1620-4B05-9ABA-DD0A2D897D1B}.Release|Any CPU.ActiveCfg = Release|Any CPU
		{B241AB4D-1620-4B05-9ABA-DD0A2D897D1B}.Release|Any CPU.Build.0 = Release|Any CPU
		{0B1AD416-EB2D-4212-AA43-2AB1774634E8}.Debug|Any CPU.ActiveCfg = Debug|Any CPU
		{0B1AD416-EB2D-4212-AA43-2AB1774634E8}.Debug|Any CPU.Build.0 = Debug|Any CPU
		{0B1AD416-EB2D-4212-AA43-2AB1774634E8}.Release|Any CPU.ActiveCfg = Release|Any CPU
		{0B1AD416-EB2D-4212-AA43-2AB1774634E8}.Release|Any CPU.Build.0 = Release|Any CPU
	EndGlobalSection
	GlobalSection(SolutionProperties) = preSolution
		HideSolutionNode = FALSE
	EndGlobalSection
	GlobalSection(ExtensibilityGlobals) = postSolution
		SolutionGuid = {1CD75634-BD72-47FE-88CF-BBD7A2215FFC}
	EndGlobalSection
EndGlobal
